
Microsoft Visual Studio Solution File, Format Version 12.00
# Visual Studio Version 16
VisualStudioVersion = 16.0.32602.291
MinimumVisualStudioVersion = 10.0.40219.1
Project("{FAE04EC0-301F-11D3-BF4B-00C04F79EFBC}") = "URI_1145", "URI_1145\URI_1145.csproj", "{585D7ADE-5A84-478A-9ED0-6F4D87E4C0B9}"
EndProject
Global
	GlobalSection(SolutionConfigurationPlatforms) = preSolution
		Debug|Any CPU = Debug|Any CPU
		Release|Any CPU = Release|Any CPU
	EndGlobalSection
	GlobalSection(ProjectConfigurationPlatforms) = postSolution
		{585D7ADE-5A84-478A-9ED0-6F4D87E4C0B9}.Debug|Any CPU.ActiveCfg = Debug|Any CPU
		{585D7ADE-5A84-478A-9ED0-6F4D87E4C0B9}.Debug|Any CPU.Build.0 = Debug|Any CPU
		{585D7ADE-5A84-478A-9ED0-6F4D87E4C0B9}.Release|Any CPU.ActiveCfg = Release|Any CPU
		{585D7ADE-5A84-478A-9ED0-6F4D87E4C0B9}.Release|Any CPU.Build.0 = Release|Any CPU
	EndGlobalSection
	GlobalSection(SolutionProperties) = preSolution
		HideSolutionNode = FALSE
	EndGlobalSection
	GlobalSection(ExtensibilityGlobals) = postSolution
		SolutionGuid = {C5A5BE5B-D33D-4A19-BA17-0DE11A1E575C}
	EndGlobalSection
EndGlobal
