
Microsoft Visual Studio Solution File, Format Version 12.00
# Visual Studio Version 16
VisualStudioVersion = 16.0.32602.291
MinimumVisualStudioVersion = 10.0.40219.1
Project("{FAE04EC0-301F-11D3-BF4B-00C04F79EFBC}") = "URI_1153", "URI_1153\URI_1153.csproj", "{C808C19F-F10F-4FBA-80F4-B91708EE8179}"
EndProject
Global
	GlobalSection(SolutionConfigurationPlatforms) = preSolution
		Debug|Any CPU = Debug|Any CPU
		Release|Any CPU = Release|Any CPU
	EndGlobalSection
	GlobalSection(ProjectConfigurationPlatforms) = postSolution
		{C808C19F-F10F-4FBA-80F4-B91708EE8179}.Debug|Any CPU.ActiveCfg = Debug|Any CPU
		{C808C19F-F10F-4FBA-80F4-B91708EE8179}.Debug|Any CPU.Build.0 = Debug|Any CPU
		{C808C19F-F10F-4FBA-80F4-B91708EE8179}.Release|Any CPU.ActiveCfg = Release|Any CPU
		{C808C19F-F10F-4FBA-80F4-B91708EE8179}.Release|Any CPU.Build.0 = Release|Any CPU
	EndGlobalSection
	GlobalSection(SolutionProperties) = preSolution
		HideSolutionNode = FALSE
	EndGlobalSection
	GlobalSection(ExtensibilityGlobals) = postSolution
		SolutionGuid = {9D7549E0-937A-43A5-981B-FF271AD7E596}
	EndGlobalSection
EndGlobal
