
Microsoft Visual Studio Solution File, Format Version 12.00
# Visual Studio Version 16
VisualStudioVersion = 16.0.32510.428
MinimumVisualStudioVersion = 10.0.40219.1
Project("{FAE04EC0-301F-11D3-BF4B-00C04F79EFBC}") = "Vetores_01", "Vetores_01\Vetores_01.csproj", "{932F0E24-BA0E-406E-863F-7101E7C9FEF5}"
EndProject
Global
	GlobalSection(SolutionConfigurationPlatforms) = preSolution
		Debug|Any CPU = Debug|Any CPU
		Release|Any CPU = Release|Any CPU
	EndGlobalSection
	GlobalSection(ProjectConfigurationPlatforms) = postSolution
		{932F0E24-BA0E-406E-863F-7101E7C9FEF5}.Debug|Any CPU.ActiveCfg = Debug|Any CPU
		{932F0E24-BA0E-406E-863F-7101E7C9FEF5}.Debug|Any CPU.Build.0 = Debug|Any CPU
		{932F0E24-BA0E-406E-863F-7101E7C9FEF5}.Release|Any CPU.ActiveCfg = Release|Any CPU
		{932F0E24-BA0E-406E-863F-7101E7C9FEF5}.Release|Any CPU.Build.0 = Release|Any CPU
	EndGlobalSection
	GlobalSection(SolutionProperties) = preSolution
		HideSolutionNode = FALSE
	EndGlobalSection
	GlobalSection(ExtensibilityGlobals) = postSolution
		SolutionGuid = {02CA0AEC-78F5-4BF4-A5E6-C29ECCC095EE}
	EndGlobalSection
EndGlobal
