
Microsoft Visual Studio Solution File, Format Version 12.00
# Visual Studio Version 16
VisualStudioVersion = 16.0.32602.291
MinimumVisualStudioVersion = 10.0.40219.1
Project("{FAE04EC0-301F-11D3-BF4B-00C04F79EFBC}") = "Vetores_07", "Vetores_07\Vetores_07.csproj", "{641FD35D-775A-43AC-9F83-373E6621B4C7}"
EndProject
Global
	GlobalSection(SolutionConfigurationPlatforms) = preSolution
		Debug|Any CPU = Debug|Any CPU
		Release|Any CPU = Release|Any CPU
	EndGlobalSection
	GlobalSection(ProjectConfigurationPlatforms) = postSolution
		{641FD35D-775A-43AC-9F83-373E6621B4C7}.Debug|Any CPU.ActiveCfg = Debug|Any CPU
		{641FD35D-775A-43AC-9F83-373E6621B4C7}.Debug|Any CPU.Build.0 = Debug|Any CPU
		{641FD35D-775A-43AC-9F83-373E6621B4C7}.Release|Any CPU.ActiveCfg = Release|Any CPU
		{641FD35D-775A-43AC-9F83-373E6621B4C7}.Release|Any CPU.Build.0 = Release|Any CPU
	EndGlobalSection
	GlobalSection(SolutionProperties) = preSolution
		HideSolutionNode = FALSE
	EndGlobalSection
	GlobalSection(ExtensibilityGlobals) = postSolution
		SolutionGuid = {A7DD0B49-CB30-4DBB-B18C-D69F690131C3}
	EndGlobalSection
EndGlobal
