
Microsoft Visual Studio Solution File, Format Version 12.00
# Visual Studio Version 16
VisualStudioVersion = 16.0.32510.428
MinimumVisualStudioVersion = 10.0.40219.1
Project("{FAE04EC0-301F-11D3-BF4B-00C04F79EFBC}") = "Vetores_04", "Vetores_04\Vetores_04.csproj", "{92E48D7D-B046-4B71-A104-5A3AC905D726}"
EndProject
Global
	GlobalSection(SolutionConfigurationPlatforms) = preSolution
		Debug|Any CPU = Debug|Any CPU
		Release|Any CPU = Release|Any CPU
	EndGlobalSection
	GlobalSection(ProjectConfigurationPlatforms) = postSolution
		{92E48D7D-B046-4B71-A104-5A3AC905D726}.Debug|Any CPU.ActiveCfg = Debug|Any CPU
		{92E48D7D-B046-4B71-A104-5A3AC905D726}.Debug|Any CPU.Build.0 = Debug|Any CPU
		{92E48D7D-B046-4B71-A104-5A3AC905D726}.Release|Any CPU.ActiveCfg = Release|Any CPU
		{92E48D7D-B046-4B71-A104-5A3AC905D726}.Release|Any CPU.Build.0 = Release|Any CPU
	EndGlobalSection
	GlobalSection(SolutionProperties) = preSolution
		HideSolutionNode = FALSE
	EndGlobalSection
	GlobalSection(ExtensibilityGlobals) = postSolution
		SolutionGuid = {1E370F9C-20B7-4BFC-A187-4B0AC9806850}
	EndGlobalSection
EndGlobal
