
Microsoft Visual Studio Solution File, Format Version 12.00
# Visual Studio Version 16
VisualStudioVersion = 16.0.32602.291
MinimumVisualStudioVersion = 10.0.40219.1
Project("{FAE04EC0-301F-11D3-BF4B-00C04F79EFBC}") = "URI_1072", "URI_1072\URI_1072.csproj", "{DCD67890-3699-4509-8012-C5F40C0F9DDB}"
EndProject
Global
	GlobalSection(SolutionConfigurationPlatforms) = preSolution
		Debug|Any CPU = Debug|Any CPU
		Release|Any CPU = Release|Any CPU
	EndGlobalSection
	GlobalSection(ProjectConfigurationPlatforms) = postSolution
		{DCD67890-3699-4509-8012-C5F40C0F9DDB}.Debug|Any CPU.ActiveCfg = Debug|Any CPU
		{DCD67890-3699-4509-8012-C5F40C0F9DDB}.Debug|Any CPU.Build.0 = Debug|Any CPU
		{DCD67890-3699-4509-8012-C5F40C0F9DDB}.Release|Any CPU.ActiveCfg = Release|Any CPU
		{DCD67890-3699-4509-8012-C5F40C0F9DDB}.Release|Any CPU.Build.0 = Release|Any CPU
	EndGlobalSection
	GlobalSection(SolutionProperties) = preSolution
		HideSolutionNode = FALSE
	EndGlobalSection
	GlobalSection(ExtensibilityGlobals) = postSolution
		SolutionGuid = {2CA4CC02-E30A-4BE4-860D-140CDBC05F84}
	EndGlobalSection
EndGlobal
