
Microsoft Visual Studio Solution File, Format Version 12.00
# Visual Studio Version 16
VisualStudioVersion = 16.0.32602.291
MinimumVisualStudioVersion = 10.0.40219.1
Project("{FAE04EC0-301F-11D3-BF4B-00C04F79EFBC}") = "EstrCondicional_003", "EstrCondicional_003\EstrCondicional_003.csproj", "{EAC27012-6181-4A7C-BF2D-8C376FBCFE70}"
EndProject
Global
	GlobalSection(SolutionConfigurationPlatforms) = preSolution
		Debug|Any CPU = Debug|Any CPU
		Release|Any CPU = Release|Any CPU
	EndGlobalSection
	GlobalSection(ProjectConfigurationPlatforms) = postSolution
		{EAC27012-6181-4A7C-BF2D-8C376FBCFE70}.Debug|Any CPU.ActiveCfg = Debug|Any CPU
		{EAC27012-6181-4A7C-BF2D-8C376FBCFE70}.Debug|Any CPU.Build.0 = Debug|Any CPU
		{EAC27012-6181-4A7C-BF2D-8C376FBCFE70}.Release|Any CPU.ActiveCfg = Release|Any CPU
		{EAC27012-6181-4A7C-BF2D-8C376FBCFE70}.Release|Any CPU.Build.0 = Release|Any CPU
	EndGlobalSection
	GlobalSection(SolutionProperties) = preSolution
		HideSolutionNode = FALSE
	EndGlobalSection
	GlobalSection(ExtensibilityGlobals) = postSolution
		SolutionGuid = {D0931244-3B9B-4779-B126-90B629E15FBA}
	EndGlobalSection
EndGlobal
