
Microsoft Visual Studio Solution File, Format Version 12.00
# Visual Studio Version 16
VisualStudioVersion = 16.0.32602.291
MinimumVisualStudioVersion = 10.0.40219.1
Project("{FAE04EC0-301F-11D3-BF4B-00C04F79EFBC}") = "URI_1143", "URI_1143\URI_1143.csproj", "{1C55D295-40A5-417B-83BF-E076CC9C8623}"
EndProject
Global
	GlobalSection(SolutionConfigurationPlatforms) = preSolution
		Debug|Any CPU = Debug|Any CPU
		Release|Any CPU = Release|Any CPU
	EndGlobalSection
	GlobalSection(ProjectConfigurationPlatforms) = postSolution
		{1C55D295-40A5-417B-83BF-E076CC9C8623}.Debug|Any CPU.ActiveCfg = Debug|Any CPU
		{1C55D295-40A5-417B-83BF-E076CC9C8623}.Debug|Any CPU.Build.0 = Debug|Any CPU
		{1C55D295-40A5-417B-83BF-E076CC9C8623}.Release|Any CPU.ActiveCfg = Release|Any CPU
		{1C55D295-40A5-417B-83BF-E076CC9C8623}.Release|Any CPU.Build.0 = Release|Any CPU
	EndGlobalSection
	GlobalSection(SolutionProperties) = preSolution
		HideSolutionNode = FALSE
	EndGlobalSection
	GlobalSection(ExtensibilityGlobals) = postSolution
		SolutionGuid = {1F7514AE-1480-4722-96BF-EC9E40D42AB6}
	EndGlobalSection
EndGlobal
