
Microsoft Visual Studio Solution File, Format Version 12.00
# Visual Studio Version 16
VisualStudioVersion = 16.0.32602.291
MinimumVisualStudioVersion = 10.0.40219.1
Project("{FAE04EC0-301F-11D3-BF4B-00C04F79EFBC}") = "URI_1155", "URI_1155\URI_1155.csproj", "{C0AEC30A-5E18-4977-9EE5-CFD28197D812}"
EndProject
Global
	GlobalSection(SolutionConfigurationPlatforms) = preSolution
		Debug|Any CPU = Debug|Any CPU
		Release|Any CPU = Release|Any CPU
	EndGlobalSection
	GlobalSection(ProjectConfigurationPlatforms) = postSolution
		{C0AEC30A-5E18-4977-9EE5-CFD28197D812}.Debug|Any CPU.ActiveCfg = Debug|Any CPU
		{C0AEC30A-5E18-4977-9EE5-CFD28197D812}.Debug|Any CPU.Build.0 = Debug|Any CPU
		{C0AEC30A-5E18-4977-9EE5-CFD28197D812}.Release|Any CPU.ActiveCfg = Release|Any CPU
		{C0AEC30A-5E18-4977-9EE5-CFD28197D812}.Release|Any CPU.Build.0 = Release|Any CPU
	EndGlobalSection
	GlobalSection(SolutionProperties) = preSolution
		HideSolutionNode = FALSE
	EndGlobalSection
	GlobalSection(ExtensibilityGlobals) = postSolution
		SolutionGuid = {D7AC487C-C574-46F9-BB86-1F9C4E9C97CA}
	EndGlobalSection
EndGlobal
