
Microsoft Visual Studio Solution File, Format Version 12.00
# Visual Studio Version 16
VisualStudioVersion = 16.0.32510.428
MinimumVisualStudioVersion = 10.0.40219.1
Project("{FAE04EC0-301F-11D3-BF4B-00C04F79EFBC}") = "URI_1046", "URI_1046\URI_1046.csproj", "{23CB2A5C-FB67-4090-9442-1A597B325BCE}"
EndProject
Global
	GlobalSection(SolutionConfigurationPlatforms) = preSolution
		Debug|Any CPU = Debug|Any CPU
		Release|Any CPU = Release|Any CPU
	EndGlobalSection
	GlobalSection(ProjectConfigurationPlatforms) = postSolution
		{23CB2A5C-FB67-4090-9442-1A597B325BCE}.Debug|Any CPU.ActiveCfg = Debug|Any CPU
		{23CB2A5C-FB67-4090-9442-1A597B325BCE}.Debug|Any CPU.Build.0 = Debug|Any CPU
		{23CB2A5C-FB67-4090-9442-1A597B325BCE}.Release|Any CPU.ActiveCfg = Release|Any CPU
		{23CB2A5C-FB67-4090-9442-1A597B325BCE}.Release|Any CPU.Build.0 = Release|Any CPU
	EndGlobalSection
	GlobalSection(SolutionProperties) = preSolution
		HideSolutionNode = FALSE
	EndGlobalSection
	GlobalSection(ExtensibilityGlobals) = postSolution
		SolutionGuid = {742BB7C5-33A9-4CD7-B6CE-93B87D4B8AF7}
	EndGlobalSection
EndGlobal
