
Microsoft Visual Studio Solution File, Format Version 12.00
# Visual Studio Version 16
VisualStudioVersion = 16.0.32602.291
MinimumVisualStudioVersion = 10.0.40219.1
Project("{FAE04EC0-301F-11D3-BF4B-00C04F79EFBC}") = "URI_1037", "URI_1037\URI_1037.csproj", "{BC7B8141-17D8-422E-B21E-C6DF6FEBF3AE}"
EndProject
Global
	GlobalSection(SolutionConfigurationPlatforms) = preSolution
		Debug|Any CPU = Debug|Any CPU
		Release|Any CPU = Release|Any CPU
	EndGlobalSection
	GlobalSection(ProjectConfigurationPlatforms) = postSolution
		{BC7B8141-17D8-422E-B21E-C6DF6FEBF3AE}.Debug|Any CPU.ActiveCfg = Debug|Any CPU
		{BC7B8141-17D8-422E-B21E-C6DF6FEBF3AE}.Debug|Any CPU.Build.0 = Debug|Any CPU
		{BC7B8141-17D8-422E-B21E-C6DF6FEBF3AE}.Release|Any CPU.ActiveCfg = Release|Any CPU
		{BC7B8141-17D8-422E-B21E-C6DF6FEBF3AE}.Release|Any CPU.Build.0 = Release|Any CPU
	EndGlobalSection
	GlobalSection(SolutionProperties) = preSolution
		HideSolutionNode = FALSE
	EndGlobalSection
	GlobalSection(ExtensibilityGlobals) = postSolution
		SolutionGuid = {4C24BD09-6E5D-40BC-9E67-B92BF56AF47C}
	EndGlobalSection
EndGlobal
