
Microsoft Visual Studio Solution File, Format Version 12.00
# Visual Studio Version 16
VisualStudioVersion = 16.0.32602.291
MinimumVisualStudioVersion = 10.0.40219.1
Project("{FAE04EC0-301F-11D3-BF4B-00C04F79EFBC}") = "URI_1079", "URI_1079\URI_1079.csproj", "{077BBAB9-3FD1-4240-A7A7-F0963A16F42A}"
EndProject
Global
	GlobalSection(SolutionConfigurationPlatforms) = preSolution
		Debug|Any CPU = Debug|Any CPU
		Release|Any CPU = Release|Any CPU
	EndGlobalSection
	GlobalSection(ProjectConfigurationPlatforms) = postSolution
		{077BBAB9-3FD1-4240-A7A7-F0963A16F42A}.Debug|Any CPU.ActiveCfg = Debug|Any CPU
		{077BBAB9-3FD1-4240-A7A7-F0963A16F42A}.Debug|Any CPU.Build.0 = Debug|Any CPU
		{077BBAB9-3FD1-4240-A7A7-F0963A16F42A}.Release|Any CPU.ActiveCfg = Release|Any CPU
		{077BBAB9-3FD1-4240-A7A7-F0963A16F42A}.Release|Any CPU.Build.0 = Release|Any CPU
	EndGlobalSection
	GlobalSection(SolutionProperties) = preSolution
		HideSolutionNode = FALSE
	EndGlobalSection
	GlobalSection(ExtensibilityGlobals) = postSolution
		SolutionGuid = {E6DC024A-062A-427D-B8FA-9C9186691D31}
	EndGlobalSection
EndGlobal
