
Microsoft Visual Studio Solution File, Format Version 12.00
# Visual Studio Version 16
VisualStudioVersion = 16.0.32510.428
MinimumVisualStudioVersion = 10.0.40219.1
Project("{FAE04EC0-301F-11D3-BF4B-00C04F79EFBC}") = "EstruturaSequencial_Ex01", "EstruturaSequencial_Ex01\EstruturaSequencial_Ex01.csproj", "{0CE04020-2D42-44E3-857F-25F87ACECEE7}"
EndProject
Global
	GlobalSection(SolutionConfigurationPlatforms) = preSolution
		Debug|Any CPU = Debug|Any CPU
		Release|Any CPU = Release|Any CPU
	EndGlobalSection
	GlobalSection(ProjectConfigurationPlatforms) = postSolution
		{0CE04020-2D42-44E3-857F-25F87ACECEE7}.Debug|Any CPU.ActiveCfg = Debug|Any CPU
		{0CE04020-2D42-44E3-857F-25F87ACECEE7}.Debug|Any CPU.Build.0 = Debug|Any CPU
		{0CE04020-2D42-44E3-857F-25F87ACECEE7}.Release|Any CPU.ActiveCfg = Release|Any CPU
		{0CE04020-2D42-44E3-857F-25F87ACECEE7}.Release|Any CPU.Build.0 = Release|Any CPU
	EndGlobalSection
	GlobalSection(SolutionProperties) = preSolution
		HideSolutionNode = FALSE
	EndGlobalSection
	GlobalSection(ExtensibilityGlobals) = postSolution
		SolutionGuid = {8602DC45-D792-4CCB-A2EB-FD28B6D68EE1}
	EndGlobalSection
EndGlobal
