
Microsoft Visual Studio Solution File, Format Version 12.00
# Visual Studio Version 16
VisualStudioVersion = 16.0.32602.291
MinimumVisualStudioVersion = 10.0.40219.1
Project("{FAE04EC0-301F-11D3-BF4B-00C04F79EFBC}") = "Para_ExR003", "Para_ExR003\Para_ExR003.csproj", "{CBAE91E2-E05F-49C0-8D62-6DBE0C8868A5}"
EndProject
Global
	GlobalSection(SolutionConfigurationPlatforms) = preSolution
		Debug|Any CPU = Debug|Any CPU
		Release|Any CPU = Release|Any CPU
	EndGlobalSection
	GlobalSection(ProjectConfigurationPlatforms) = postSolution
		{CBAE91E2-E05F-49C0-8D62-6DBE0C8868A5}.Debug|Any CPU.ActiveCfg = Debug|Any CPU
		{CBAE91E2-E05F-49C0-8D62-6DBE0C8868A5}.Debug|Any CPU.Build.0 = Debug|Any CPU
		{CBAE91E2-E05F-49C0-8D62-6DBE0C8868A5}.Release|Any CPU.ActiveCfg = Release|Any CPU
		{CBAE91E2-E05F-49C0-8D62-6DBE0C8868A5}.Release|Any CPU.Build.0 = Release|Any CPU
	EndGlobalSection
	GlobalSection(SolutionProperties) = preSolution
		HideSolutionNode = FALSE
	EndGlobalSection
	GlobalSection(ExtensibilityGlobals) = postSolution
		SolutionGuid = {885A2F4A-E747-443F-93F5-E08601BC7A9D}
	EndGlobalSection
EndGlobal
