
Microsoft Visual Studio Solution File, Format Version 12.00
# Visual Studio Version 16
VisualStudioVersion = 16.0.32602.291
MinimumVisualStudioVersion = 10.0.40219.1
Project("{FAE04EC0-301F-11D3-BF4B-00C04F79EFBC}") = "Vetores_06", "Vetores_06\Vetores_06.csproj", "{B6E6997C-A19A-41A5-B293-4FE2973C4B31}"
EndProject
Global
	GlobalSection(SolutionConfigurationPlatforms) = preSolution
		Debug|Any CPU = Debug|Any CPU
		Release|Any CPU = Release|Any CPU
	EndGlobalSection
	GlobalSection(ProjectConfigurationPlatforms) = postSolution
		{B6E6997C-A19A-41A5-B293-4FE2973C4B31}.Debug|Any CPU.ActiveCfg = Debug|Any CPU
		{B6E6997C-A19A-41A5-B293-4FE2973C4B31}.Debug|Any CPU.Build.0 = Debug|Any CPU
		{B6E6997C-A19A-41A5-B293-4FE2973C4B31}.Release|Any CPU.ActiveCfg = Release|Any CPU
		{B6E6997C-A19A-41A5-B293-4FE2973C4B31}.Release|Any CPU.Build.0 = Release|Any CPU
	EndGlobalSection
	GlobalSection(SolutionProperties) = preSolution
		HideSolutionNode = FALSE
	EndGlobalSection
	GlobalSection(ExtensibilityGlobals) = postSolution
		SolutionGuid = {61476BA1-A1CC-4E4A-B4EA-5C84E52DBB6F}
	EndGlobalSection
EndGlobal
