
Microsoft Visual Studio Solution File, Format Version 12.00
# Visual Studio Version 16
VisualStudioVersion = 16.0.32602.291
MinimumVisualStudioVersion = 10.0.40219.1
Project("{FAE04EC0-301F-11D3-BF4B-00C04F79EFBC}") = "URI_1015", "URI_1015\URI_1015.csproj", "{38C857B1-8BEF-44D8-B565-67EDF714823B}"
EndProject
Global
	GlobalSection(SolutionConfigurationPlatforms) = preSolution
		Debug|Any CPU = Debug|Any CPU
		Release|Any CPU = Release|Any CPU
	EndGlobalSection
	GlobalSection(ProjectConfigurationPlatforms) = postSolution
		{38C857B1-8BEF-44D8-B565-67EDF714823B}.Debug|Any CPU.ActiveCfg = Debug|Any CPU
		{38C857B1-8BEF-44D8-B565-67EDF714823B}.Debug|Any CPU.Build.0 = Debug|Any CPU
		{38C857B1-8BEF-44D8-B565-67EDF714823B}.Release|Any CPU.ActiveCfg = Release|Any CPU
		{38C857B1-8BEF-44D8-B565-67EDF714823B}.Release|Any CPU.Build.0 = Release|Any CPU
	EndGlobalSection
	GlobalSection(SolutionProperties) = preSolution
		HideSolutionNode = FALSE
	EndGlobalSection
	GlobalSection(ExtensibilityGlobals) = postSolution
		SolutionGuid = {5CE95FD7-B138-41DD-8C4B-C22CF0643CE9}
	EndGlobalSection
EndGlobal
