
Microsoft Visual Studio Solution File, Format Version 12.00
# Visual Studio Version 16
VisualStudioVersion = 16.0.32602.291
MinimumVisualStudioVersion = 10.0.40219.1
Project("{FAE04EC0-301F-11D3-BF4B-00C04F79EFBC}") = "URI_1070", "URI_1070\URI_1070.csproj", "{DC6FDC77-48C0-439F-8448-3064ACFC79DA}"
EndProject
Global
	GlobalSection(SolutionConfigurationPlatforms) = preSolution
		Debug|Any CPU = Debug|Any CPU
		Release|Any CPU = Release|Any CPU
	EndGlobalSection
	GlobalSection(ProjectConfigurationPlatforms) = postSolution
		{DC6FDC77-48C0-439F-8448-3064ACFC79DA}.Debug|Any CPU.ActiveCfg = Debug|Any CPU
		{DC6FDC77-48C0-439F-8448-3064ACFC79DA}.Debug|Any CPU.Build.0 = Debug|Any CPU
		{DC6FDC77-48C0-439F-8448-3064ACFC79DA}.Release|Any CPU.ActiveCfg = Release|Any CPU
		{DC6FDC77-48C0-439F-8448-3064ACFC79DA}.Release|Any CPU.Build.0 = Release|Any CPU
	EndGlobalSection
	GlobalSection(SolutionProperties) = preSolution
		HideSolutionNode = FALSE
	EndGlobalSection
	GlobalSection(ExtensibilityGlobals) = postSolution
		SolutionGuid = {42153DE2-C023-445E-A83D-D8C5AEFD81BB}
	EndGlobalSection
EndGlobal
