
Microsoft Visual Studio Solution File, Format Version 12.00
# Visual Studio Version 16
VisualStudioVersion = 16.0.32510.428
MinimumVisualStudioVersion = 10.0.40219.1
Project("{FAE04EC0-301F-11D3-BF4B-00C04F79EFBC}") = "vetor_001", "vetor_001\vetor_001.csproj", "{52D12BC1-66E1-44E7-8642-944BF672B869}"
EndProject
Global
	GlobalSection(SolutionConfigurationPlatforms) = preSolution
		Debug|Any CPU = Debug|Any CPU
		Release|Any CPU = Release|Any CPU
	EndGlobalSection
	GlobalSection(ProjectConfigurationPlatforms) = postSolution
		{52D12BC1-66E1-44E7-8642-944BF672B869}.Debug|Any CPU.ActiveCfg = Debug|Any CPU
		{52D12BC1-66E1-44E7-8642-944BF672B869}.Debug|Any CPU.Build.0 = Debug|Any CPU
		{52D12BC1-66E1-44E7-8642-944BF672B869}.Release|Any CPU.ActiveCfg = Release|Any CPU
		{52D12BC1-66E1-44E7-8642-944BF672B869}.Release|Any CPU.Build.0 = Release|Any CPU
	EndGlobalSection
	GlobalSection(SolutionProperties) = preSolution
		HideSolutionNode = FALSE
	EndGlobalSection
	GlobalSection(ExtensibilityGlobals) = postSolution
		SolutionGuid = {B0E04345-C40C-4B78-B2C3-13EC136E0DFE}
	EndGlobalSection
EndGlobal
