
Microsoft Visual Studio Solution File, Format Version 12.00
# Visual Studio Version 16
VisualStudioVersion = 16.0.32602.291
MinimumVisualStudioVersion = 10.0.40219.1
Project("{FAE04EC0-301F-11D3-BF4B-00C04F79EFBC}") = "URI_1020", "URI_1020\URI_1020.csproj", "{325C51F4-41AC-4DDA-B796-E8060ACE1D42}"
EndProject
Global
	GlobalSection(SolutionConfigurationPlatforms) = preSolution
		Debug|Any CPU = Debug|Any CPU
		Release|Any CPU = Release|Any CPU
	EndGlobalSection
	GlobalSection(ProjectConfigurationPlatforms) = postSolution
		{325C51F4-41AC-4DDA-B796-E8060ACE1D42}.Debug|Any CPU.ActiveCfg = Debug|Any CPU
		{325C51F4-41AC-4DDA-B796-E8060ACE1D42}.Debug|Any CPU.Build.0 = Debug|Any CPU
		{325C51F4-41AC-4DDA-B796-E8060ACE1D42}.Release|Any CPU.ActiveCfg = Release|Any CPU
		{325C51F4-41AC-4DDA-B796-E8060ACE1D42}.Release|Any CPU.Build.0 = Release|Any CPU
	EndGlobalSection
	GlobalSection(SolutionProperties) = preSolution
		HideSolutionNode = FALSE
	EndGlobalSection
	GlobalSection(ExtensibilityGlobals) = postSolution
		SolutionGuid = {186585CA-AC54-4778-8ED0-C587C83A31DA}
	EndGlobalSection
EndGlobal
