
Microsoft Visual Studio Solution File, Format Version 12.00
# Visual Studio Version 16
VisualStudioVersion = 16.0.32510.428
MinimumVisualStudioVersion = 10.0.40219.1
Project("{FAE04EC0-301F-11D3-BF4B-00C04F79EFBC}") = "Matrizes_06", "Matrizes_06\Matrizes_06.csproj", "{6243D365-0800-41EF-968B-B6AB7227DFA6}"
EndProject
Global
	GlobalSection(SolutionConfigurationPlatforms) = preSolution
		Debug|Any CPU = Debug|Any CPU
		Release|Any CPU = Release|Any CPU
	EndGlobalSection
	GlobalSection(ProjectConfigurationPlatforms) = postSolution
		{6243D365-0800-41EF-968B-B6AB7227DFA6}.Debug|Any CPU.ActiveCfg = Debug|Any CPU
		{6243D365-0800-41EF-968B-B6AB7227DFA6}.Debug|Any CPU.Build.0 = Debug|Any CPU
		{6243D365-0800-41EF-968B-B6AB7227DFA6}.Release|Any CPU.ActiveCfg = Release|Any CPU
		{6243D365-0800-41EF-968B-B6AB7227DFA6}.Release|Any CPU.Build.0 = Release|Any CPU
	EndGlobalSection
	GlobalSection(SolutionProperties) = preSolution
		HideSolutionNode = FALSE
	EndGlobalSection
	GlobalSection(ExtensibilityGlobals) = postSolution
		SolutionGuid = {4C04810A-FB50-4028-8362-817885FEEB95}
	EndGlobalSection
EndGlobal
