
Microsoft Visual Studio Solution File, Format Version 12.00
# Visual Studio Version 16
VisualStudioVersion = 16.0.32602.291
MinimumVisualStudioVersion = 10.0.40219.1
Project("{FAE04EC0-301F-11D3-BF4B-00C04F79EFBC}") = "URI_1018", "URI_1018\URI_1018.csproj", "{79266888-C1FF-4F59-A7A1-FCEE73794ED4}"
EndProject
Global
	GlobalSection(SolutionConfigurationPlatforms) = preSolution
		Debug|Any CPU = Debug|Any CPU
		Release|Any CPU = Release|Any CPU
	EndGlobalSection
	GlobalSection(ProjectConfigurationPlatforms) = postSolution
		{79266888-C1FF-4F59-A7A1-FCEE73794ED4}.Debug|Any CPU.ActiveCfg = Debug|Any CPU
		{79266888-C1FF-4F59-A7A1-FCEE73794ED4}.Debug|Any CPU.Build.0 = Debug|Any CPU
		{79266888-C1FF-4F59-A7A1-FCEE73794ED4}.Release|Any CPU.ActiveCfg = Release|Any CPU
		{79266888-C1FF-4F59-A7A1-FCEE73794ED4}.Release|Any CPU.Build.0 = Release|Any CPU
	EndGlobalSection
	GlobalSection(SolutionProperties) = preSolution
		HideSolutionNode = FALSE
	EndGlobalSection
	GlobalSection(ExtensibilityGlobals) = postSolution
		SolutionGuid = {7B7F2A62-51DE-4904-AE38-FF6B7B6D1922}
	EndGlobalSection
EndGlobal
