
Microsoft Visual Studio Solution File, Format Version 12.00
# Visual Studio Version 16
VisualStudioVersion = 16.0.32602.291
MinimumVisualStudioVersion = 10.0.40219.1
Project("{FAE04EC0-301F-11D3-BF4B-00C04F79EFBC}") = "PrimeiroExURI", "PrimeiroExURI\PrimeiroExURI.csproj", "{8A33B24B-1E2B-47D0-A8D0-34F3A77EDAC5}"
EndProject
Global
	GlobalSection(SolutionConfigurationPlatforms) = preSolution
		Debug|Any CPU = Debug|Any CPU
		Release|Any CPU = Release|Any CPU
	EndGlobalSection
	GlobalSection(ProjectConfigurationPlatforms) = postSolution
		{8A33B24B-1E2B-47D0-A8D0-34F3A77EDAC5}.Debug|Any CPU.ActiveCfg = Debug|Any CPU
		{8A33B24B-1E2B-47D0-A8D0-34F3A77EDAC5}.Debug|Any CPU.Build.0 = Debug|Any CPU
		{8A33B24B-1E2B-47D0-A8D0-34F3A77EDAC5}.Release|Any CPU.ActiveCfg = Release|Any CPU
		{8A33B24B-1E2B-47D0-A8D0-34F3A77EDAC5}.Release|Any CPU.Build.0 = Release|Any CPU
	EndGlobalSection
	GlobalSection(SolutionProperties) = preSolution
		HideSolutionNode = FALSE
	EndGlobalSection
	GlobalSection(ExtensibilityGlobals) = postSolution
		SolutionGuid = {D23F0ADA-96B8-4B13-AD43-D99074EACB77}
	EndGlobalSection
EndGlobal
