
Microsoft Visual Studio Solution File, Format Version 12.00
# Visual Studio Version 16
VisualStudioVersion = 16.0.32510.428
MinimumVisualStudioVersion = 10.0.40219.1
Project("{FAE04EC0-301F-11D3-BF4B-00C04F79EFBC}") = "URI_1096", "URI_1096\URI_1096.csproj", "{448CC570-8560-4067-943C-1E4A465F66E9}"
EndProject
Global
	GlobalSection(SolutionConfigurationPlatforms) = preSolution
		Debug|Any CPU = Debug|Any CPU
		Release|Any CPU = Release|Any CPU
	EndGlobalSection
	GlobalSection(ProjectConfigurationPlatforms) = postSolution
		{448CC570-8560-4067-943C-1E4A465F66E9}.Debug|Any CPU.ActiveCfg = Debug|Any CPU
		{448CC570-8560-4067-943C-1E4A465F66E9}.Debug|Any CPU.Build.0 = Debug|Any CPU
		{448CC570-8560-4067-943C-1E4A465F66E9}.Release|Any CPU.ActiveCfg = Release|Any CPU
		{448CC570-8560-4067-943C-1E4A465F66E9}.Release|Any CPU.Build.0 = Release|Any CPU
	EndGlobalSection
	GlobalSection(SolutionProperties) = preSolution
		HideSolutionNode = FALSE
	EndGlobalSection
	GlobalSection(ExtensibilityGlobals) = postSolution
		SolutionGuid = {8DA30DC8-FF1A-4CC7-BEFA-EC8A8E55954D}
	EndGlobalSection
EndGlobal
