
Microsoft Visual Studio Solution File, Format Version 12.00
# Visual Studio Version 16
VisualStudioVersion = 16.0.32602.291
MinimumVisualStudioVersion = 10.0.40219.1
Project("{FAE04EC0-301F-11D3-BF4B-00C04F79EFBC}") = "Vetor_ExR002", "Vetor_ExR002\Vetor_ExR002.csproj", "{DE775E52-322F-4E6F-8816-B08A4FEC9155}"
EndProject
Global
	GlobalSection(SolutionConfigurationPlatforms) = preSolution
		Debug|Any CPU = Debug|Any CPU
		Release|Any CPU = Release|Any CPU
	EndGlobalSection
	GlobalSection(ProjectConfigurationPlatforms) = postSolution
		{DE775E52-322F-4E6F-8816-B08A4FEC9155}.Debug|Any CPU.ActiveCfg = Debug|Any CPU
		{DE775E52-322F-4E6F-8816-B08A4FEC9155}.Debug|Any CPU.Build.0 = Debug|Any CPU
		{DE775E52-322F-4E6F-8816-B08A4FEC9155}.Release|Any CPU.ActiveCfg = Release|Any CPU
		{DE775E52-322F-4E6F-8816-B08A4FEC9155}.Release|Any CPU.Build.0 = Release|Any CPU
	EndGlobalSection
	GlobalSection(SolutionProperties) = preSolution
		HideSolutionNode = FALSE
	EndGlobalSection
	GlobalSection(ExtensibilityGlobals) = postSolution
		SolutionGuid = {C20BD802-8FC5-4FB3-8AF0-CA73358907F7}
	EndGlobalSection
EndGlobal
