
Microsoft Visual Studio Solution File, Format Version 12.00
# Visual Studio Version 16
VisualStudioVersion = 16.0.32510.428
MinimumVisualStudioVersion = 10.0.40219.1
Project("{FAE04EC0-301F-11D3-BF4B-00C04F79EFBC}") = "URI_1097", "URI_1097\URI_1097.csproj", "{2FD540F3-E4EE-49FC-9D08-E28695E8E880}"
EndProject
Global
	GlobalSection(SolutionConfigurationPlatforms) = preSolution
		Debug|Any CPU = Debug|Any CPU
		Release|Any CPU = Release|Any CPU
	EndGlobalSection
	GlobalSection(ProjectConfigurationPlatforms) = postSolution
		{2FD540F3-E4EE-49FC-9D08-E28695E8E880}.Debug|Any CPU.ActiveCfg = Debug|Any CPU
		{2FD540F3-E4EE-49FC-9D08-E28695E8E880}.Debug|Any CPU.Build.0 = Debug|Any CPU
		{2FD540F3-E4EE-49FC-9D08-E28695E8E880}.Release|Any CPU.ActiveCfg = Release|Any CPU
		{2FD540F3-E4EE-49FC-9D08-E28695E8E880}.Release|Any CPU.Build.0 = Release|Any CPU
	EndGlobalSection
	GlobalSection(SolutionProperties) = preSolution
		HideSolutionNode = FALSE
	EndGlobalSection
	GlobalSection(ExtensibilityGlobals) = postSolution
		SolutionGuid = {F2098067-612E-4D5C-86BC-A61B71823F12}
	EndGlobalSection
EndGlobal
