
Microsoft Visual Studio Solution File, Format Version 12.00
# Visual Studio Version 16
VisualStudioVersion = 16.0.32602.291
MinimumVisualStudioVersion = 10.0.40219.1
Project("{FAE04EC0-301F-11D3-BF4B-00C04F79EFBC}") = "URI_1149", "URI_1149\URI_1149.csproj", "{5AE18400-125E-403F-8362-E7F4C0CC6650}"
EndProject
Global
	GlobalSection(SolutionConfigurationPlatforms) = preSolution
		Debug|Any CPU = Debug|Any CPU
		Release|Any CPU = Release|Any CPU
	EndGlobalSection
	GlobalSection(ProjectConfigurationPlatforms) = postSolution
		{5AE18400-125E-403F-8362-E7F4C0CC6650}.Debug|Any CPU.ActiveCfg = Debug|Any CPU
		{5AE18400-125E-403F-8362-E7F4C0CC6650}.Debug|Any CPU.Build.0 = Debug|Any CPU
		{5AE18400-125E-403F-8362-E7F4C0CC6650}.Release|Any CPU.ActiveCfg = Release|Any CPU
		{5AE18400-125E-403F-8362-E7F4C0CC6650}.Release|Any CPU.Build.0 = Release|Any CPU
	EndGlobalSection
	GlobalSection(SolutionProperties) = preSolution
		HideSolutionNode = FALSE
	EndGlobalSection
	GlobalSection(ExtensibilityGlobals) = postSolution
		SolutionGuid = {DA7B2D8A-9183-40A4-BECE-9A92266648A5}
	EndGlobalSection
EndGlobal
