
Microsoft Visual Studio Solution File, Format Version 12.00
# Visual Studio Version 16
VisualStudioVersion = 16.0.32602.291
MinimumVisualStudioVersion = 10.0.40219.1
Project("{FAE04EC0-301F-11D3-BF4B-00C04F79EFBC}") = "Vetores_05", "Vetores_05\Vetores_05.csproj", "{F1D63968-0679-4A8C-BDF9-F4567608E023}"
EndProject
Global
	GlobalSection(SolutionConfigurationPlatforms) = preSolution
		Debug|Any CPU = Debug|Any CPU
		Release|Any CPU = Release|Any CPU
	EndGlobalSection
	GlobalSection(ProjectConfigurationPlatforms) = postSolution
		{F1D63968-0679-4A8C-BDF9-F4567608E023}.Debug|Any CPU.ActiveCfg = Debug|Any CPU
		{F1D63968-0679-4A8C-BDF9-F4567608E023}.Debug|Any CPU.Build.0 = Debug|Any CPU
		{F1D63968-0679-4A8C-BDF9-F4567608E023}.Release|Any CPU.ActiveCfg = Release|Any CPU
		{F1D63968-0679-4A8C-BDF9-F4567608E023}.Release|Any CPU.Build.0 = Release|Any CPU
	EndGlobalSection
	GlobalSection(SolutionProperties) = preSolution
		HideSolutionNode = FALSE
	EndGlobalSection
	GlobalSection(ExtensibilityGlobals) = postSolution
		SolutionGuid = {571B54E2-18BF-4B01-9ACB-7439BCB2AC60}
	EndGlobalSection
EndGlobal
