
Microsoft Visual Studio Solution File, Format Version 12.00
# Visual Studio Version 16
VisualStudioVersion = 16.0.32602.291
MinimumVisualStudioVersion = 10.0.40219.1
Project("{FAE04EC0-301F-11D3-BF4B-00C04F79EFBC}") = "URI_1150", "URI_1150\URI_1150.csproj", "{8D5B3930-1A15-4D89-AF28-209EC0BB0696}"
EndProject
Global
	GlobalSection(SolutionConfigurationPlatforms) = preSolution
		Debug|Any CPU = Debug|Any CPU
		Release|Any CPU = Release|Any CPU
	EndGlobalSection
	GlobalSection(ProjectConfigurationPlatforms) = postSolution
		{8D5B3930-1A15-4D89-AF28-209EC0BB0696}.Debug|Any CPU.ActiveCfg = Debug|Any CPU
		{8D5B3930-1A15-4D89-AF28-209EC0BB0696}.Debug|Any CPU.Build.0 = Debug|Any CPU
		{8D5B3930-1A15-4D89-AF28-209EC0BB0696}.Release|Any CPU.ActiveCfg = Release|Any CPU
		{8D5B3930-1A15-4D89-AF28-209EC0BB0696}.Release|Any CPU.Build.0 = Release|Any CPU
	EndGlobalSection
	GlobalSection(SolutionProperties) = preSolution
		HideSolutionNode = FALSE
	EndGlobalSection
	GlobalSection(ExtensibilityGlobals) = postSolution
		SolutionGuid = {2D0E7C5C-061B-4678-82D5-9EBBF59CE225}
	EndGlobalSection
EndGlobal
