
Microsoft Visual Studio Solution File, Format Version 12.00
# Visual Studio Version 16
VisualStudioVersion = 16.0.32602.291
MinimumVisualStudioVersion = 10.0.40219.1
Project("{FAE04EC0-301F-11D3-BF4B-00C04F79EFBC}") = "URI_1041", "URI_1041\URI_1041.csproj", "{B211E9A7-A7E2-4C27-9B35-5B262B6C050D}"
EndProject
Global
	GlobalSection(SolutionConfigurationPlatforms) = preSolution
		Debug|Any CPU = Debug|Any CPU
		Release|Any CPU = Release|Any CPU
	EndGlobalSection
	GlobalSection(ProjectConfigurationPlatforms) = postSolution
		{B211E9A7-A7E2-4C27-9B35-5B262B6C050D}.Debug|Any CPU.ActiveCfg = Debug|Any CPU
		{B211E9A7-A7E2-4C27-9B35-5B262B6C050D}.Debug|Any CPU.Build.0 = Debug|Any CPU
		{B211E9A7-A7E2-4C27-9B35-5B262B6C050D}.Release|Any CPU.ActiveCfg = Release|Any CPU
		{B211E9A7-A7E2-4C27-9B35-5B262B6C050D}.Release|Any CPU.Build.0 = Release|Any CPU
	EndGlobalSection
	GlobalSection(SolutionProperties) = preSolution
		HideSolutionNode = FALSE
	EndGlobalSection
	GlobalSection(ExtensibilityGlobals) = postSolution
		SolutionGuid = {B4AAEC42-BFA2-4E6C-B4C7-AF6FA8D5F9F8}
	EndGlobalSection
EndGlobal
