
Microsoft Visual Studio Solution File, Format Version 12.00
# Visual Studio Version 16
VisualStudioVersion = 16.0.32602.291
MinimumVisualStudioVersion = 10.0.40219.1
Project("{FAE04EC0-301F-11D3-BF4B-00C04F79EFBC}") = "URI_1070_CORRECAO", "URI_1070_CORRECAO\URI_1070_CORRECAO.csproj", "{A2AC927A-1606-4216-A480-A6B01B384D89}"
EndProject
Global
	GlobalSection(SolutionConfigurationPlatforms) = preSolution
		Debug|Any CPU = Debug|Any CPU
		Release|Any CPU = Release|Any CPU
	EndGlobalSection
	GlobalSection(ProjectConfigurationPlatforms) = postSolution
		{A2AC927A-1606-4216-A480-A6B01B384D89}.Debug|Any CPU.ActiveCfg = Debug|Any CPU
		{A2AC927A-1606-4216-A480-A6B01B384D89}.Debug|Any CPU.Build.0 = Debug|Any CPU
		{A2AC927A-1606-4216-A480-A6B01B384D89}.Release|Any CPU.ActiveCfg = Release|Any CPU
		{A2AC927A-1606-4216-A480-A6B01B384D89}.Release|Any CPU.Build.0 = Release|Any CPU
	EndGlobalSection
	GlobalSection(SolutionProperties) = preSolution
		HideSolutionNode = FALSE
	EndGlobalSection
	GlobalSection(ExtensibilityGlobals) = postSolution
		SolutionGuid = {3DC28459-4866-4475-A201-85BB9D6C6F6E}
	EndGlobalSection
EndGlobal
