
Microsoft Visual Studio Solution File, Format Version 12.00
# Visual Studio Version 16
VisualStudioVersion = 16.0.32510.428
MinimumVisualStudioVersion = 10.0.40219.1
Project("{FAE04EC0-301F-11D3-BF4B-00C04F79EFBC}") = "URI_1051", "URI_1051\URI_1051.csproj", "{212CB144-F2C4-4CBA-9C36-AFC106B3270C}"
EndProject
Global
	GlobalSection(SolutionConfigurationPlatforms) = preSolution
		Debug|Any CPU = Debug|Any CPU
		Release|Any CPU = Release|Any CPU
	EndGlobalSection
	GlobalSection(ProjectConfigurationPlatforms) = postSolution
		{212CB144-F2C4-4CBA-9C36-AFC106B3270C}.Debug|Any CPU.ActiveCfg = Debug|Any CPU
		{212CB144-F2C4-4CBA-9C36-AFC106B3270C}.Debug|Any CPU.Build.0 = Debug|Any CPU
		{212CB144-F2C4-4CBA-9C36-AFC106B3270C}.Release|Any CPU.ActiveCfg = Release|Any CPU
		{212CB144-F2C4-4CBA-9C36-AFC106B3270C}.Release|Any CPU.Build.0 = Release|Any CPU
	EndGlobalSection
	GlobalSection(SolutionProperties) = preSolution
		HideSolutionNode = FALSE
	EndGlobalSection
	GlobalSection(ExtensibilityGlobals) = postSolution
		SolutionGuid = {D7983F52-38F4-4129-8A98-078B70900C43}
	EndGlobalSection
EndGlobal
