
Microsoft Visual Studio Solution File, Format Version 12.00
# Visual Studio Version 16
VisualStudioVersion = 16.0.32510.428
MinimumVisualStudioVersion = 10.0.40219.1
Project("{FAE04EC0-301F-11D3-BF4B-00C04F79EFBC}") = "Para_001", "Para_001\Para_001.csproj", "{7F9A92FF-D4EA-4D5A-B57A-C65C000FDDF2}"
EndProject
Global
	GlobalSection(SolutionConfigurationPlatforms) = preSolution
		Debug|Any CPU = Debug|Any CPU
		Release|Any CPU = Release|Any CPU
	EndGlobalSection
	GlobalSection(ProjectConfigurationPlatforms) = postSolution
		{7F9A92FF-D4EA-4D5A-B57A-C65C000FDDF2}.Debug|Any CPU.ActiveCfg = Debug|Any CPU
		{7F9A92FF-D4EA-4D5A-B57A-C65C000FDDF2}.Debug|Any CPU.Build.0 = Debug|Any CPU
		{7F9A92FF-D4EA-4D5A-B57A-C65C000FDDF2}.Release|Any CPU.ActiveCfg = Release|Any CPU
		{7F9A92FF-D4EA-4D5A-B57A-C65C000FDDF2}.Release|Any CPU.Build.0 = Release|Any CPU
	EndGlobalSection
	GlobalSection(SolutionProperties) = preSolution
		HideSolutionNode = FALSE
	EndGlobalSection
	GlobalSection(ExtensibilityGlobals) = postSolution
		SolutionGuid = {81278C13-9BE6-4EC8-BA9E-4875ACF3B265}
	EndGlobalSection
EndGlobal
