
Microsoft Visual Studio Solution File, Format Version 12.00
# Visual Studio Version 16
VisualStudioVersion = 16.0.32510.428
MinimumVisualStudioVersion = 10.0.40219.1
Project("{FAE04EC0-301F-11D3-BF4B-00C04F79EFBC}") = "Aula_Casting", "Aula_Casting\Aula_Casting.csproj", "{2849DF81-0DD5-408A-9D1B-A92D3ADC68D3}"
EndProject
Global
	GlobalSection(SolutionConfigurationPlatforms) = preSolution
		Debug|Any CPU = Debug|Any CPU
		Release|Any CPU = Release|Any CPU
	EndGlobalSection
	GlobalSection(ProjectConfigurationPlatforms) = postSolution
		{2849DF81-0DD5-408A-9D1B-A92D3ADC68D3}.Debug|Any CPU.ActiveCfg = Debug|Any CPU
		{2849DF81-0DD5-408A-9D1B-A92D3ADC68D3}.Debug|Any CPU.Build.0 = Debug|Any CPU
		{2849DF81-0DD5-408A-9D1B-A92D3ADC68D3}.Release|Any CPU.ActiveCfg = Release|Any CPU
		{2849DF81-0DD5-408A-9D1B-A92D3ADC68D3}.Release|Any CPU.Build.0 = Release|Any CPU
	EndGlobalSection
	GlobalSection(SolutionProperties) = preSolution
		HideSolutionNode = FALSE
	EndGlobalSection
	GlobalSection(ExtensibilityGlobals) = postSolution
		SolutionGuid = {8EF72CE9-6CE4-4FA1-B5DF-47FBC0E3BA1E}
	EndGlobalSection
EndGlobal
