
Microsoft Visual Studio Solution File, Format Version 12.00
# Visual Studio Version 16
VisualStudioVersion = 16.0.32602.291
MinimumVisualStudioVersion = 10.0.40219.1
Project("{FAE04EC0-301F-11D3-BF4B-00C04F79EFBC}") = "URI_1075", "URI_1075\URI_1075.csproj", "{911A0E37-5FF5-49B7-A7FD-02C601212407}"
EndProject
Global
	GlobalSection(SolutionConfigurationPlatforms) = preSolution
		Debug|Any CPU = Debug|Any CPU
		Release|Any CPU = Release|Any CPU
	EndGlobalSection
	GlobalSection(ProjectConfigurationPlatforms) = postSolution
		{911A0E37-5FF5-49B7-A7FD-02C601212407}.Debug|Any CPU.ActiveCfg = Debug|Any CPU
		{911A0E37-5FF5-49B7-A7FD-02C601212407}.Debug|Any CPU.Build.0 = Debug|Any CPU
		{911A0E37-5FF5-49B7-A7FD-02C601212407}.Release|Any CPU.ActiveCfg = Release|Any CPU
		{911A0E37-5FF5-49B7-A7FD-02C601212407}.Release|Any CPU.Build.0 = Release|Any CPU
	EndGlobalSection
	GlobalSection(SolutionProperties) = preSolution
		HideSolutionNode = FALSE
	EndGlobalSection
	GlobalSection(ExtensibilityGlobals) = postSolution
		SolutionGuid = {42F7E3EE-2671-4CEC-8C5E-C83BCA7FC508}
	EndGlobalSection
EndGlobal
