
Microsoft Visual Studio Solution File, Format Version 12.00
# Visual Studio Version 16
VisualStudioVersion = 16.0.32510.428
MinimumVisualStudioVersion = 10.0.40219.1
Project("{FAE04EC0-301F-11D3-BF4B-00C04F79EFBC}") = "Condicionais_ExR02", "Condicionais_ExR02\Condicionais_ExR02.csproj", "{798EB38B-5D46-424D-A447-55A14E876FB3}"
EndProject
Global
	GlobalSection(SolutionConfigurationPlatforms) = preSolution
		Debug|Any CPU = Debug|Any CPU
		Release|Any CPU = Release|Any CPU
	EndGlobalSection
	GlobalSection(ProjectConfigurationPlatforms) = postSolution
		{798EB38B-5D46-424D-A447-55A14E876FB3}.Debug|Any CPU.ActiveCfg = Debug|Any CPU
		{798EB38B-5D46-424D-A447-55A14E876FB3}.Debug|Any CPU.Build.0 = Debug|Any CPU
		{798EB38B-5D46-424D-A447-55A14E876FB3}.Release|Any CPU.ActiveCfg = Release|Any CPU
		{798EB38B-5D46-424D-A447-55A14E876FB3}.Release|Any CPU.Build.0 = Release|Any CPU
	EndGlobalSection
	GlobalSection(SolutionProperties) = preSolution
		HideSolutionNode = FALSE
	EndGlobalSection
	GlobalSection(ExtensibilityGlobals) = postSolution
		SolutionGuid = {9DDD60C9-4058-490B-8B7E-7D82A4FF127B}
	EndGlobalSection
EndGlobal
